
Microsoft Visual Studio Solution File, Format Version 12.00
# Visual Studio 15
VisualStudioVersion = 15.0.28307.1267
MinimumVisualStudioVersion = 10.0.40219.1
Project("{FAE04EC0-301F-11D3-BF4B-00C04F79EFBC}") = "testes", "testes\testes.csproj", "{427CD8FE-E404-4C8F-8C21-2BF26CC35312}"
EndProject
Global
	GlobalSection(SolutionConfigurationPlatforms) = preSolution
		Debug|Any CPU = Debug|Any CPU
		Release|Any CPU = Release|Any CPU
	EndGlobalSection
	GlobalSection(ProjectConfigurationPlatforms) = postSolution
		{427CD8FE-E404-4C8F-8C21-2BF26CC35312}.Debug|Any CPU.ActiveCfg = Debug|Any CPU
		{427CD8FE-E404-4C8F-8C21-2BF26CC35312}.Debug|Any CPU.Build.0 = Debug|Any CPU
		{427CD8FE-E404-4C8F-8C21-2BF26CC35312}.Release|Any CPU.ActiveCfg = Release|Any CPU
		{427CD8FE-E404-4C8F-8C21-2BF26CC35312}.Release|Any CPU.Build.0 = Release|Any CPU
	EndGlobalSection
	GlobalSection(SolutionProperties) = preSolution
		HideSolutionNode = FALSE
	EndGlobalSection
	GlobalSection(ExtensibilityGlobals) = postSolution
		SolutionGuid = {65246DDD-DA39-48F4-BADD-0042CC7F39A2}
	EndGlobalSection
EndGlobal
